
Microsoft Visual Studio Solution File, Format Version 12.00
# Visual Studio Version 17
VisualStudioVersion = 17.4.33122.133
MinimumVisualStudioVersion = 10.0.40219.1
Project("{9A19103F-16F7-4668-BE54-9A1E7A4F7556}") = "TrackerLibrary", "TrackerLibrary\TrackerLibrary.csproj", "{EF0D646C-1EDB-4E1A-A2DC-35570CC0441A}"
EndProject
Project("{9A19103F-16F7-4668-BE54-9A1E7A4F7556}") = "TrackerUI", "TrackerUI\TrackerUI.csproj", "{0137AEA5-8D2B-41A7-9F2B-629886ACD478}"
	ProjectSection(ProjectDependencies) = postProject
		{EF0D646C-1EDB-4E1A-A2DC-35570CC0441A} = {EF0D646C-1EDB-4E1A-A2DC-35570CC0441A}
	EndProjectSection
EndProject
Global
	GlobalSection(SolutionConfigurationPlatforms) = preSolution
		Debug|Any CPU = Debug|Any CPU
		Release|Any CPU = Release|Any CPU
	EndGlobalSection
	GlobalSection(ProjectConfigurationPlatforms) = postSolution
		{EF0D646C-1EDB-4E1A-A2DC-35570CC0441A}.Debug|Any CPU.ActiveCfg = Debug|Any CPU
		{EF0D646C-1EDB-4E1A-A2DC-35570CC0441A}.Debug|Any CPU.Build.0 = Debug|Any CPU
		{EF0D646C-1EDB-4E1A-A2DC-35570CC0441A}.Release|Any CPU.ActiveCfg = Release|Any CPU
		{EF0D646C-1EDB-4E1A-A2DC-35570CC0441A}.Release|Any CPU.Build.0 = Release|Any CPU
		{0137AEA5-8D2B-41A7-9F2B-629886ACD478}.Debug|Any CPU.ActiveCfg = Debug|Any CPU
		{0137AEA5-8D2B-41A7-9F2B-629886ACD478}.Debug|Any CPU.Build.0 = Debug|Any CPU
		{0137AEA5-8D2B-41A7-9F2B-629886ACD478}.Release|Any CPU.ActiveCfg = Release|Any CPU
		{0137AEA5-8D2B-41A7-9F2B-629886ACD478}.Release|Any CPU.Build.0 = Release|Any CPU
	EndGlobalSection
	GlobalSection(SolutionProperties) = preSolution
		HideSolutionNode = FALSE
	EndGlobalSection
	GlobalSection(ExtensibilityGlobals) = postSolution
		SolutionGuid = {B2B11366-90EE-432A-B47A-69EE49880301}
	EndGlobalSection
EndGlobal
